
Microsoft Visual Studio Solution File, Format Version 12.00
# Visual Studio Version 16
VisualStudioVersion = 16.0.30320.27
MinimumVisualStudioVersion = 10.0.40219.1
Project("{FAE04EC0-301F-11D3-BF4B-00C04F79EFBC}") = "Miner Overload Protection", "MinerOverloadProtection\Miner Overload Protection.csproj", "{6029B75F-A8EF-4325-BAE1-BF703695209F}"
EndProject
Global
	GlobalSection(SolutionConfigurationPlatforms) = preSolution
		Debug|x64 = Debug|x64
	EndGlobalSection
	GlobalSection(ProjectConfigurationPlatforms) = postSolution
		{6029B75F-A8EF-4325-BAE1-BF703695209F}.Debug|x64.ActiveCfg = Debug|x64
		{6029B75F-A8EF-4325-BAE1-BF703695209F}.Debug|x64.Build.0 = Debug|x64
	EndGlobalSection
	GlobalSection(SolutionProperties) = preSolution
		HideSolutionNode = FALSE
	EndGlobalSection
	GlobalSection(ExtensibilityGlobals) = postSolution
		SolutionGuid = {6585D50F-A873-4E81-9AF8-3E2FEF945A11}
	EndGlobalSection
EndGlobal
